
Microsoft Visual Studio Solution File, Format Version 12.00
# Visual Studio Version 17
VisualStudioVersion = 17.5.33530.505
MinimumVisualStudioVersion = 10.0.40219.1
Project("{FAE04EC0-301F-11D3-BF4B-00C04F79EFBC}") = "BlazorWithCircuit", "BlazorWithCircuit.csproj", "{F4AB6BFA-8358-462C-883C-060A5A64D4D1}"
EndProject
Global
	GlobalSection(SolutionConfigurationPlatforms) = preSolution
		Debug|Any CPU = Debug|Any CPU
		Release|Any CPU = Release|Any CPU
	EndGlobalSection
	GlobalSection(ProjectConfigurationPlatforms) = postSolution
		{F4AB6BFA-8358-462C-883C-060A5A64D4D1}.Debug|Any CPU.ActiveCfg = Debug|Any CPU
		{F4AB6BFA-8358-462C-883C-060A5A64D4D1}.Debug|Any CPU.Build.0 = Debug|Any CPU
		{F4AB6BFA-8358-462C-883C-060A5A64D4D1}.Release|Any CPU.ActiveCfg = Release|Any CPU
		{F4AB6BFA-8358-462C-883C-060A5A64D4D1}.Release|Any CPU.Build.0 = Release|Any CPU
	EndGlobalSection
	GlobalSection(SolutionProperties) = preSolution
		HideSolutionNode = FALSE
	EndGlobalSection
	GlobalSection(ExtensibilityGlobals) = postSolution
		SolutionGuid = {94EDDC42-6897-46DE-829A-D0489F38C7FC}
	EndGlobalSection
EndGlobal
